
Microsoft Visual Studio Solution File, Format Version 12.00
# Visual Studio Version 16
VisualStudioVersion = 16.0.32407.337
MinimumVisualStudioVersion = 10.0.40219.1
Project("{8BC9CEB8-8B4A-11D0-8D11-00A0C91BC942}") = "ConsoleApplication12", "ConsoleApplication12\ConsoleApplication12.vcxproj", "{36DA9DA3-2B94-411C-A3C2-8C07CA10153F}"
EndProject
Global
	GlobalSection(SolutionConfigurationPlatforms) = preSolution
		Debug|x64 = Debug|x64
		Debug|x86 = Debug|x86
		Release|x64 = Release|x64
		Release|x86 = Release|x86
	EndGlobalSection
	GlobalSection(ProjectConfigurationPlatforms) = postSolution
		{36DA9DA3-2B94-411C-A3C2-8C07CA10153F}.Debug|x64.ActiveCfg = Debug|x64
		{36DA9DA3-2B94-411C-A3C2-8C07CA10153F}.Debug|x64.Build.0 = Debug|x64
		{36DA9DA3-2B94-411C-A3C2-8C07CA10153F}.Debug|x86.ActiveCfg = Debug|Win32
		{36DA9DA3-2B94-411C-A3C2-8C07CA10153F}.Debug|x86.Build.0 = Debug|Win32
		{36DA9DA3-2B94-411C-A3C2-8C07CA10153F}.Release|x64.ActiveCfg = Release|x64
		{36DA9DA3-2B94-411C-A3C2-8C07CA10153F}.Release|x64.Build.0 = Release|x64
		{36DA9DA3-2B94-411C-A3C2-8C07CA10153F}.Release|x86.ActiveCfg = Release|Win32
		{36DA9DA3-2B94-411C-A3C2-8C07CA10153F}.Release|x86.Build.0 = Release|Win32
	EndGlobalSection
	GlobalSection(SolutionProperties) = preSolution
		HideSolutionNode = FALSE
	EndGlobalSection
	GlobalSection(ExtensibilityGlobals) = postSolution
		SolutionGuid = {CA922B84-DC6A-426C-8A9C-8618D143EDD8}
	EndGlobalSection
EndGlobal
